
Microsoft Visual Studio Solution File, Format Version 12.00
# Visual Studio Version 16
VisualStudioVersion = 16.0.29519.87
MinimumVisualStudioVersion = 10.0.40219.1
Project("{FAE04EC0-301F-11D3-BF4B-00C04F79EFBC}") = "CodeHero.Android", "CodeHero\CodeHero.Android\CodeHero.Android.csproj", "{5FF6D3CC-2F39-4961-9F45-BEDE3843CBE1}"
EndProject
Project("{FAE04EC0-301F-11D3-BF4B-00C04F79EFBC}") = "CodeHero.iOS", "CodeHero\CodeHero.iOS\CodeHero.iOS.csproj", "{73257385-FEC0-4914-B9F0-C10BB87C846D}"
EndProject
Project("{FAE04EC0-301F-11D3-BF4B-00C04F79EFBC}") = "CodeHero", "CodeHero\CodeHero\CodeHero.csproj", "{C17CF669-F78A-4761-80E4-91A4177885CF}"
EndProject
Project("{FAE04EC0-301F-11D3-BF4B-00C04F79EFBC}") = "CodeHero.UnitTests", "CodeHero.UnitTests\CodeHero.UnitTests.csproj", "{43D132A8-C89E-451E-B1A3-165C797D10A7}"
EndProject
Global
	GlobalSection(SolutionConfigurationPlatforms) = preSolution
		Debug|Any CPU = Debug|Any CPU
		Debug|iPhone = Debug|iPhone
		Debug|iPhoneSimulator = Debug|iPhoneSimulator
		Release|Any CPU = Release|Any CPU
		Release|iPhone = Release|iPhone
		Release|iPhoneSimulator = Release|iPhoneSimulator
	EndGlobalSection
	GlobalSection(ProjectConfigurationPlatforms) = postSolution
		{5FF6D3CC-2F39-4961-9F45-BEDE3843CBE1}.Debug|Any CPU.ActiveCfg = Debug|Any CPU
		{5FF6D3CC-2F39-4961-9F45-BEDE3843CBE1}.Debug|Any CPU.Build.0 = Debug|Any CPU
		{5FF6D3CC-2F39-4961-9F45-BEDE3843CBE1}.Debug|Any CPU.Deploy.0 = Debug|Any CPU
		{5FF6D3CC-2F39-4961-9F45-BEDE3843CBE1}.Debug|iPhone.ActiveCfg = Debug|Any CPU
		{5FF6D3CC-2F39-4961-9F45-BEDE3843CBE1}.Debug|iPhone.Build.0 = Debug|Any CPU
		{5FF6D3CC-2F39-4961-9F45-BEDE3843CBE1}.Debug|iPhone.Deploy.0 = Debug|Any CPU
		{5FF6D3CC-2F39-4961-9F45-BEDE3843CBE1}.Debug|iPhoneSimulator.ActiveCfg = Debug|Any CPU
		{5FF6D3CC-2F39-4961-9F45-BEDE3843CBE1}.Debug|iPhoneSimulator.Build.0 = Debug|Any CPU
		{5FF6D3CC-2F39-4961-9F45-BEDE3843CBE1}.Debug|iPhoneSimulator.Deploy.0 = Debug|Any CPU
		{5FF6D3CC-2F39-4961-9F45-BEDE3843CBE1}.Release|Any CPU.ActiveCfg = Release|Any CPU
		{5FF6D3CC-2F39-4961-9F45-BEDE3843CBE1}.Release|Any CPU.Build.0 = Release|Any CPU
		{5FF6D3CC-2F39-4961-9F45-BEDE3843CBE1}.Release|Any CPU.Deploy.0 = Release|Any CPU
		{5FF6D3CC-2F39-4961-9F45-BEDE3843CBE1}.Release|iPhone.ActiveCfg = Release|Any CPU
		{5FF6D3CC-2F39-4961-9F45-BEDE3843CBE1}.Release|iPhone.Build.0 = Release|Any CPU
		{5FF6D3CC-2F39-4961-9F45-BEDE3843CBE1}.Release|iPhone.Deploy.0 = Release|Any CPU
		{5FF6D3CC-2F39-4961-9F45-BEDE3843CBE1}.Release|iPhoneSimulator.ActiveCfg = Release|Any CPU
		{5FF6D3CC-2F39-4961-9F45-BEDE3843CBE1}.Release|iPhoneSimulator.Build.0 = Release|Any CPU
		{5FF6D3CC-2F39-4961-9F45-BEDE3843CBE1}.Release|iPhoneSimulator.Deploy.0 = Release|Any CPU
		{73257385-FEC0-4914-B9F0-C10BB87C846D}.Debug|Any CPU.ActiveCfg = Debug|iPhoneSimulator
		{73257385-FEC0-4914-B9F0-C10BB87C846D}.Debug|Any CPU.Build.0 = Debug|iPhoneSimulator
		{73257385-FEC0-4914-B9F0-C10BB87C846D}.Debug|Any CPU.Deploy.0 = Debug|iPhoneSimulator
		{73257385-FEC0-4914-B9F0-C10BB87C846D}.Debug|iPhone.ActiveCfg = Debug|iPhone
		{73257385-FEC0-4914-B9F0-C10BB87C846D}.Debug|iPhone.Build.0 = Debug|iPhone
		{73257385-FEC0-4914-B9F0-C10BB87C846D}.Debug|iPhone.Deploy.0 = Debug|iPhone
		{73257385-FEC0-4914-B9F0-C10BB87C846D}.Debug|iPhoneSimulator.ActiveCfg = Debug|iPhoneSimulator
		{73257385-FEC0-4914-B9F0-C10BB87C846D}.Debug|iPhoneSimulator.Build.0 = Debug|iPhoneSimulator
		{73257385-FEC0-4914-B9F0-C10BB87C846D}.Debug|iPhoneSimulator.Deploy.0 = Debug|iPhoneSimulator
		{73257385-FEC0-4914-B9F0-C10BB87C846D}.Release|Any CPU.ActiveCfg = Release|iPhone
		{73257385-FEC0-4914-B9F0-C10BB87C846D}.Release|Any CPU.Build.0 = Release|iPhone
		{73257385-FEC0-4914-B9F0-C10BB87C846D}.Release|Any CPU.Deploy.0 = Release|iPhone
		{73257385-FEC0-4914-B9F0-C10BB87C846D}.Release|iPhone.ActiveCfg = Release|iPhone
		{73257385-FEC0-4914-B9F0-C10BB87C846D}.Release|iPhone.Build.0 = Release|iPhone
		{73257385-FEC0-4914-B9F0-C10BB87C846D}.Release|iPhone.Deploy.0 = Release|iPhone
		{73257385-FEC0-4914-B9F0-C10BB87C846D}.Release|iPhoneSimulator.ActiveCfg = Release|iPhoneSimulator
		{73257385-FEC0-4914-B9F0-C10BB87C846D}.Release|iPhoneSimulator.Build.0 = Release|iPhoneSimulator
		{73257385-FEC0-4914-B9F0-C10BB87C846D}.Release|iPhoneSimulator.Deploy.0 = Release|iPhoneSimulator
		{C17CF669-F78A-4761-80E4-91A4177885CF}.Debug|Any CPU.ActiveCfg = Debug|Any CPU
		{C17CF669-F78A-4761-80E4-91A4177885CF}.Debug|Any CPU.Build.0 = Debug|Any CPU
		{C17CF669-F78A-4761-80E4-91A4177885CF}.Debug|Any CPU.Deploy.0 = Debug|Any CPU
		{C17CF669-F78A-4761-80E4-91A4177885CF}.Debug|iPhone.ActiveCfg = Debug|Any CPU
		{C17CF669-F78A-4761-80E4-91A4177885CF}.Debug|iPhone.Build.0 = Debug|Any CPU
		{C17CF669-F78A-4761-80E4-91A4177885CF}.Debug|iPhone.Deploy.0 = Debug|Any CPU
		{C17CF669-F78A-4761-80E4-91A4177885CF}.Debug|iPhoneSimulator.ActiveCfg = Debug|Any CPU
		{C17CF669-F78A-4761-80E4-91A4177885CF}.Debug|iPhoneSimulator.Build.0 = Debug|Any CPU
		{C17CF669-F78A-4761-80E4-91A4177885CF}.Debug|iPhoneSimulator.Deploy.0 = Debug|Any CPU
		{C17CF669-F78A-4761-80E4-91A4177885CF}.Release|Any CPU.ActiveCfg = Release|Any CPU
		{C17CF669-F78A-4761-80E4-91A4177885CF}.Release|Any CPU.Build.0 = Release|Any CPU
		{C17CF669-F78A-4761-80E4-91A4177885CF}.Release|Any CPU.Deploy.0 = Release|Any CPU
		{C17CF669-F78A-4761-80E4-91A4177885CF}.Release|iPhone.ActiveCfg = Release|Any CPU
		{C17CF669-F78A-4761-80E4-91A4177885CF}.Release|iPhone.Build.0 = Release|Any CPU
		{C17CF669-F78A-4761-80E4-91A4177885CF}.Release|iPhone.Deploy.0 = Release|Any CPU
		{C17CF669-F78A-4761-80E4-91A4177885CF}.Release|iPhoneSimulator.ActiveCfg = Release|Any CPU
		{C17CF669-F78A-4761-80E4-91A4177885CF}.Release|iPhoneSimulator.Build.0 = Release|Any CPU
		{C17CF669-F78A-4761-80E4-91A4177885CF}.Release|iPhoneSimulator.Deploy.0 = Release|Any CPU
		{43D132A8-C89E-451E-B1A3-165C797D10A7}.Debug|Any CPU.ActiveCfg = Debug|Any CPU
		{43D132A8-C89E-451E-B1A3-165C797D10A7}.Debug|Any CPU.Build.0 = Debug|Any CPU
		{43D132A8-C89E-451E-B1A3-165C797D10A7}.Debug|iPhone.ActiveCfg = Debug|Any CPU
		{43D132A8-C89E-451E-B1A3-165C797D10A7}.Debug|iPhone.Build.0 = Debug|Any CPU
		{43D132A8-C89E-451E-B1A3-165C797D10A7}.Debug|iPhoneSimulator.ActiveCfg = Debug|Any CPU
		{43D132A8-C89E-451E-B1A3-165C797D10A7}.Debug|iPhoneSimulator.Build.0 = Debug|Any CPU
		{43D132A8-C89E-451E-B1A3-165C797D10A7}.Release|Any CPU.ActiveCfg = Release|Any CPU
		{43D132A8-C89E-451E-B1A3-165C797D10A7}.Release|Any CPU.Build.0 = Release|Any CPU
		{43D132A8-C89E-451E-B1A3-165C797D10A7}.Release|iPhone.ActiveCfg = Release|Any CPU
		{43D132A8-C89E-451E-B1A3-165C797D10A7}.Release|iPhone.Build.0 = Release|Any CPU
		{43D132A8-C89E-451E-B1A3-165C797D10A7}.Release|iPhoneSimulator.ActiveCfg = Release|Any CPU
		{43D132A8-C89E-451E-B1A3-165C797D10A7}.Release|iPhoneSimulator.Build.0 = Release|Any CPU
	EndGlobalSection
	GlobalSection(SolutionProperties) = preSolution
		HideSolutionNode = FALSE
	EndGlobalSection
	GlobalSection(ExtensibilityGlobals) = postSolution
		SolutionGuid = {574A3D85-74AC-4906-AD72-861932CA0D89}
	EndGlobalSection
EndGlobal
